// !$*UTF8*$!
{
	archiveVersion = 1;
	classes = {
	};
	objectVersion = 46;
	objects = {

/* Begin PBXBuildFile section */
		E4B53092182B9412DDFFCC71 /* Pods.framework in Frameworks */ = {isa = PBXBuildFile; fileRef = 6D28B2F2AE77AC1FA9CB9C1E /* Pods.framework */; };
		F49355551C8ABF300035E531 /* AppDelegate.swift in Sources */ = {isa = PBXBuildFile; fileRef = F49355541C8ABF300035E531 /* AppDelegate.swift */; };
		F49355571C8ABF300035E531 /* ViewController.swift in Sources */ = {isa = PBXBuildFile; fileRef = F49355561C8ABF300035E531 /* ViewController.swift */; };
		F493555A1C8ABF310035E531 /* Main.storyboard in Resources */ = {isa = PBXBuildFile; fileRef = F49355581C8ABF310035E531 /* Main.storyboard */; };
		F493555C1C8ABF310035E531 /* Assets.xcassets in Resources */ = {isa = PBXBuildFile; fileRef = F493555B1C8ABF310035E531 /* Assets.xcassets */; };
		F493555F1C8ABF310035E531 /* LaunchScreen.storyboard in Resources */ = {isa = PBXBuildFile; fileRef = F493555D1C8ABF310035E531 /* LaunchScreen.storyboard */; };
		F49355671C8AC4720035E531 /* InputViewController.swift in Sources */ = {isa = PBXBuildFile; fileRef = F49355661C8AC4720035E531 /* InputViewController.swift */; };
/* End PBXBuildFile section */

/* Begin PBXFileReference section */
		6B2B761EF102AA8549D691DF /* Pods.release.xcconfig */ = {isa = PBXFileReference; includeInIndex = 1; lastKnownFileType = text.xcconfig; name = Pods.release.xcconfig; path = "Pods/Target Support Files/Pods/Pods.release.xcconfig"; sourceTree = "<group>"; };
		6D28B2F2AE77AC1FA9CB9C1E /* Pods.framework */ = {isa = PBXFileReference; explicitFileType = wrapper.framework; includeInIndex = 0; path = Pods.framework; sourceTree = BUILT_PRODUCTS_DIR; };
		9ACC50802A3A4A717691D498 /* Pods.debug.xcconfig */ = {isa = PBXFileReference; includeInIndex = 1; lastKnownFileType = text.xcconfig; name = Pods.debug.xcconfig; path = "Pods/Target Support Files/Pods/Pods.debug.xcconfig"; sourceTree = "<group>"; };
		F49355511C8ABF300035E531 /* taskapp2.app */ = {isa = PBXFileReference; explicitFileType = wrapper.application; includeInIndex = 0; path = taskapp2.app; sourceTree = BUILT_PRODUCTS_DIR; };
		F49355541C8ABF300035E531 /* AppDelegate.swift */ = {isa = PBXFileReference; lastKnownFileType = sourcecode.swift; path = AppDelegate.swift; sourceTree = "<group>"; };
		F49355561C8ABF300035E531 /* ViewController.swift */ = {isa = PBXFileReference; lastKnownFileType = sourcecode.swift; path = ViewController.swift; sourceTree = "<group>"; };
		F49355591C8ABF310035E531 /* Base */ = {isa = PBXFileReference; lastKnownFileType = file.storyboard; name = Base; path = Base.lproj/Main.storyboard; sourceTree = "<group>"; };
		F493555B1C8ABF310035E531 /* Assets.xcassets */ = {isa = PBXFileReference; lastKnownFileType = folder.assetcatalog; path = Assets.xcassets; sourceTree = "<group>"; };
		F493555E1C8ABF310035E531 /* Base */ = {isa = PBXFileReference; lastKnownFileType = file.storyboard; name = Base; path = Base.lproj/LaunchScreen.storyboard; sourceTree = "<group>"; };
		F49355601C8ABF310035E531 /* Info.plist */ = {isa = PBXFileReference; lastKnownFileType = text.plist.xml; path = Info.plist; sourceTree = "<group>"; };
		F49355661C8AC4720035E531 /* InputViewController.swift */ = {isa = PBXFileReference; fileEncoding = 4; lastKnownFileType = sourcecode.swift; path = InputViewController.swift; sourceTree = "<group>"; };
/* End PBXFileReference section */

/* Begin PBXFrameworksBuildPhase section */
		F493554E1C8ABF300035E531 /* Frameworks */ = {
			isa = PBXFrameworksBuildPhase;
			buildActionMask = 2147483647;
			files = (
				E4B53092182B9412DDFFCC71 /* Pods.framework in Frameworks */,
			);
			runOnlyForDeploymentPostprocessing = 0;
		};
/* End PBXFrameworksBuildPhase section */

/* Begin PBXGroup section */
		3127A0D2211E4F1E14E5F93F /* Pods */ = {
			isa = PBXGroup;
			children = (
				9ACC50802A3A4A717691D498 /* Pods.debug.xcconfig */,
				6B2B761EF102AA8549D691DF /* Pods.release.xcconfig */,
			);
			name = Pods;
			sourceTree = "<group>";
		};
		656E9863C3C90D513609ED08 /* Frameworks */ = {
			isa = PBXGroup;
			children = (
				6D28B2F2AE77AC1FA9CB9C1E /* Pods.framework */,
			);
			name = Frameworks;
			sourceTree = "<group>";
		};
		F49355481C8ABF300035E531 = {
			isa = PBXGroup;
			children = (
				F49355531C8ABF300035E531 /* taskapp2 */,
				F49355521C8ABF300035E531 /* Products */,
				3127A0D2211E4F1E14E5F93F /* Pods */,
				656E9863C3C90D513609ED08 /* Frameworks */,
			);
			sourceTree = "<group>";
		};
		F49355521C8ABF300035E531 /* Products */ = {
			isa = PBXGroup;
			children = (
				F49355511C8ABF300035E531 /* taskapp2.app */,
			);
			name = Products;
			sourceTree = "<group>";
		};
		F49355531C8ABF300035E531 /* taskapp2 */ = {
			isa = PBXGroup;
			children = (
				F49355541C8ABF300035E531 /* AppDelegate.swift */,
				F49355561C8ABF300035E531 /* ViewController.swift */,
				F49355581C8ABF310035E531 /* Main.storyboard */,
				F49355661C8AC4720035E531 /* InputViewController.swift */,
				F493555B1C8ABF310035E531 /* Assets.xcassets */,
				F493555D1C8ABF310035E531 /* LaunchScreen.storyboard */,
				F49355601C8ABF310035E531 /* Info.plist */,
			);
			path = taskapp2;
			sourceTree = "<group>";
		};
/* End PBXGroup section */

/* Begin PBXNativeTarget section */
		F49355501C8ABF300035E531 /* taskapp2 */ = {
			isa = PBXNativeTarget;
			buildConfigurationList = F49355631C8ABF310035E531 /* Build configuration list for PBXNativeTarget "taskapp2" */;
			buildPhases = (
				86FAF08E340EB776BC668085 /* Check Pods Manifest.lock */,
				F493554D1C8ABF300035E531 /* Sources */,
				F493554E1C8ABF300035E531 /* Frameworks */,
				F493554F1C8ABF300035E531 /* Resources */,
				5B2D29E9CF660FF65AE6A994 /* Embed Pods Frameworks */,
				9DBAEF300404A46D97F7D26E /* Copy Pods Resources */,
			);
			buildRules = (
			);
			dependencies = (
			);
			name = taskapp2;
			productName = taskapp2;
			productReference = F49355511C8ABF300035E531 /* taskapp2.app */;
			productType = "com.apple.product-type.application";
		};
/* End PBXNativeTarget section */

/* Begin PBXProject section */
		F49355491C8ABF300035E531 /* Project object */ = {
			isa = PBXProject;
			attributes = {
				LastSwiftUpdateCheck = 0720;
				LastUpgradeCheck = 0720;
				ORGANIZATIONNAME = yosuke.aga;
				TargetAttributes = {
					F49355501C8ABF300035E531 = {
						CreatedOnToolsVersion = 7.2.1;
					};
				};
			};
			buildConfigurationList = F493554C1C8ABF300035E531 /* Build configuration list for PBXProject "taskapp2" */;
			compatibilityVersion = "Xcode 3.2";
			developmentRegion = English;
			hasScannedForEncodings = 0;
			knownRegions = (
				en,
				Base,
			);
			mainGroup = F49355481C8ABF300035E531;
			productRefGroup = F49355521C8ABF300035E531 /* Products */;
			projectDirPath = "";
			projectRoot = "";
			targets = (
				F49355501C8ABF300035E531 /* taskapp2 */,
			);
		};
/* End PBXProject section */

/* Begin PBXResourcesBuildPhase section */
		F493554F1C8ABF300035E531 /* Resources */ = {
			isa = PBXResourcesBuildPhase;
			buildActionMask = 2147483647;
			files = (
				F493555F1C8ABF310035E531 /* LaunchScreen.storyboard in Resources */,
				F493555C1C8ABF310035E531 /* Assets.xcassets in Resources */,
				F493555A1C8ABF310035E531 /* Main.storyboard in Resources */,
			);
			runOnlyForDeploymentPostprocessing = 0;
		};
/* End PBXResourcesBuildPhase section */

/* Begin PBXShellScriptBuildPhase section */
		5B2D29E9CF660FF65AE6A994 /* Embed Pods Frameworks */ = {
			isa = PBXShellScriptBuildPhase;
			buildActionMask = 2147483647;
			files = (
			);
			inputPaths = (
			);
			name = "Embed Pods Frameworks";
			outputPaths = (
			);
			runOnlyForDeploymentPostprocessing = 0;
			shellPath = /bin/sh;
			shellScript = "\"${SRCROOT}/Pods/Target Support Files/Pods/Pods-frameworks.sh\"\n";
			showEnvVarsInLog = 0;
		};
		86FAF08E340EB776BC668085 /* Check Pods Manifest.lock */ = {
			isa = PBXShellScriptBuildPhase;
			buildActionMask = 2147483647;
			files = (
			);
			inputPaths = (
			);
			name = "Check Pods Manifest.lock";
			outputPaths = (
			);
			runOnlyForDeploymentPostprocessing = 0;
			shellPath = /bin/sh;
			shellScript = "diff \"${PODS_ROOT}/../Podfile.lock\" \"${PODS_ROOT}/Manifest.lock\" > /dev/null\nif [[ $? != 0 ]] ; then\n    cat << EOM\nerror: The sandbox is not in sync with the Podfile.lock. Run 'pod install' or update your CocoaPods installation.\nEOM\n    exit 1\nfi\n";
			showEnvVarsInLog = 0;
		};
		9DBAEF300404A46D97F7D26E /* Copy Pods Resources */ = {
			isa = PBXShellScriptBuildPhase;
			buildActionMask = 2147483647;
			files = (
			);
			inputPaths = (
			);
			name = "Copy Pods Resources";
			outputPaths = (
			);
			runOnlyForDeploymentPostprocessing = 0;
			shellPath = /bin/sh;
			shellScript = "\"${SRCROOT}/Pods/Target Support Files/Pods/Pods-resources.sh\"\n";
			showEnvVarsInLog = 0;
		};
/* End PBXShellScriptBuildPhase section */

/* Begin PBXSourcesBuildPhase section */
		F493554D1C8ABF300035E531 /* Sources */ = {
			isa = PBXSourcesBuildPhase;
			buildActionMask = 2147483647;
			files = (
				F49355671C8AC4720035E531 /* InputViewController.swift in Sources */,
				F49355571C8ABF300035E531 /* ViewController.swift in Sources */,
				F49355551C8ABF300035E531 /* AppDelegate.swift in Sources */,
			);
			runOnlyForDeploymentPostprocessing = 0;
		};
/* End PBXSourcesBuildPhase section */

/* Begin PBXVariantGroup section */
		F49355581C8ABF310035E531 /* Main.storyboard */ = {
			isa = PBXVariantGroup;
			children = (
				F49355591C8ABF310035E531 /* Base */,
			);
			name = Main.storyboard;
			sourceTree = "<group>";
		};
		F493555D1C8ABF310035E531 /* LaunchScreen.storyboard */ = {
			isa = PBXVariantGroup;
			children = (
				F493555E1C8ABF310035E531 /* Base */,
			);
			name = LaunchScreen.storyboard;
			sourceTree = "<group>";
		};
/* End PBXVariantGroup section */

/* Begin XCBuildConfiguration section */
		F49355611C8ABF310035E531 /* Debug */ = {
			isa = XCBuildConfiguration;
			buildSettings = {
				ALWAYS_SEARCH_USER_PATHS = NO;
				CLANG_CXX_LANGUAGE_STANDARD = "gnu++0x";
				CLANG_CXX_LIBRARY = "libc++";
				CLANG_ENABLE_MODULES = YES;
				CLANG_ENABLE_OBJC_ARC = YES;
				CLANG_WARN_BOOL_CONVERSION = YES;
				CLANG_WARN_CONSTANT_CONVERSION = YES;
				CLANG_WARN_DIRECT_OBJC_ISA_USAGE = YES_ERROR;
				CLANG_WARN_EMPTY_BODY = YES;
				CLANG_WARN_ENUM_CONVERSION = YES;
				CLANG_WARN_INT_CONVERSION = YES;
				CLANG_WARN_OBJC_ROOT_CLASS = YES_ERROR;
				CLANG_WARN_UNREACHABLE_CODE = YES;
				CLANG_WARN__DUPLICATE_METHOD_MATCH = YES;
				"CODE_SIGN_IDENTITY[sdk=iphoneos*]" = "iPhone Developer";
				COPY_PHASE_STRIP = NO;
				DEBUG_INFORMATION_FORMAT = dwarf;
				ENABLE_STRICT_OBJC_MSGSEND = YES;
				ENABLE_TESTABILITY = YES;
				GCC_C_LANGUAGE_STANDARD = gnu99;
				GCC_DYNAMIC_NO_PIC = NO;
				GCC_NO_COMMON_BLOCKS = YES;
				GCC_OPTIMIZATION_LEVEL = 0;
				GCC_PREPROCESSOR_DEFINITIONS = (
					"DEBUG=1",
					"$(inherited)",
				);
				GCC_WARN_64_TO_32_BIT_CONVERSION = YES;
				GCC_WARN_ABOUT_RETURN_TYPE = YES_ERROR;
				GCC_WARN_UNDECLARED_SELECTOR = YES;
				GCC_WARN_UNINITIALIZED_AUTOS = YES_AGGRESSIVE;
				GCC_WARN_UNUSED_FUNCTION = YES;
				GCC_WARN_UNUSED_VARIABLE = YES;
				IPHONEOS_DEPLOYMENT_TARGET = 9.2;
				MTL_ENABLE_DEBUG_INFO = YES;
				ONLY_ACTIVE_ARCH = YES;
				SDKROOT = iphoneos;
				SWIFT_OPTIMIZATION_LEVEL = "-Onone";
			};
			name = Debug;
		};
		F49355621C8ABF310035E531 /* Release */ = {
			isa = XCBuildConfiguration;
			buildSettings = {
				ALWAYS_SEARCH_USER_PATHS = NO;
				CLANG_CXX_LANGUAGE_STANDARD = "gnu++0x";
				CLANG_CXX_LIBRARY = "libc++";
				CLANG_ENABLE_MODULES = YES;
				CLANG_ENABLE_OBJC_ARC = YES;
				CLANG_WARN_BOOL_CONVERSION = YES;
				CLANG_WARN_CONSTANT_CONVERSION = YES;
				CLANG_WARN_DIRECT_OBJC_ISA_USAGE = YES_ERROR;
				CLANG_WARN_EMPTY_BODY = YES;
				CLANG_WARN_ENUM_CONVERSION = YES;
				CLANG_WARN_INT_CONVERSION = YES;
				CLANG_WARN_OBJC_ROOT_CLASS = YES_ERROR;
				CLANG_WARN_UNREACHABLE_CODE = YES;
				CLANG_WARN__DUPLICATE_METHOD_MATCH = YES;
				"CODE_SIGN_IDENTITY[sdk=iphoneos*]" = "iPhone Developer";
				COPY_PHASE_STRIP = NO;
				DEBUG_INFORMATION_FORMAT = "dwarf-with-dsym";
				ENABLE_NS_ASSERTIONS = NO;
				ENABLE_STRICT_OBJC_MSGSEND = YES;
				GCC_C_LANGUAGE_STANDARD = gnu99;
				GCC_NO_COMMON_BLOCKS = YES;
				GCC_WARN_64_TO_32_BIT_CONVERSION = YES;
				GCC_WARN_ABOUT_RETURN_TYPE = YES_ERROR;
				GCC_WARN_UNDECLARED_SELECTOR = YES;
				GCC_WARN_UNINITIALIZED_AUTOS = YES_AGGRESSIVE;
				GCC_WARN_UNUSED_FUNCTION = YES;
				GCC_WARN_UNUSED_VARIABLE = YES;
				IPHONEOS_DEPLOYMENT_TARGET = 9.2;
				MTL_ENABLE_DEBUG_INFO = NO;
				SDKROOT = iphoneos;
				VALIDATE_PRODUCT = YES;
			};
			name = Release;
		};
		F49355641C8ABF310035E531 /* Debug */ = {
			isa = XCBuildConfiguration;
			baseConfigurationReference = 9ACC50802A3A4A717691D498 /* Pods.debug.xcconfig */;
			buildSettings = {
				ASSETCATALOG_COMPILER_APPICON_NAME = AppIcon;
				INFOPLIST_FILE = taskapp2/Info.plist;
				LD_RUNPATH_SEARCH_PATHS = "$(inherited) @executable_path/Frameworks";
				PRODUCT_BUNDLE_IDENTIFIER = jp.techacademy.yosuke.aga.taskapp2;
				PRODUCT_NAME = "$(TARGET_NAME)";
			};
			name = Debug;
		};
		F49355651C8ABF310035E531 /* Release */ = {
			isa = XCBuildConfiguration;
			baseConfigurationReference = 6B2B761EF102AA8549D691DF /* Pods.release.xcconfig */;
			buildSettings = {
				ASSETCATALOG_COMPILER_APPICON_NAME = AppIcon;
				INFOPLIST_FILE = taskapp2/Info.plist;
				LD_RUNPATH_SEARCH_PATHS = "$(inherited) @executable_path/Frameworks";
				PRODUCT_BUNDLE_IDENTIFIER = jp.techacademy.yosuke.aga.taskapp2;
				PRODUCT_NAME = "$(TARGET_NAME)";
			};
			name = Release;
		};
/* End XCBuildConfiguration section */

/* Begin XCConfigurationList section */
		F493554C1C8ABF300035E531 /* Build configuration list for PBXProject "taskapp2" */ = {
			isa = XCConfigurationList;
			buildConfigurations = (
				F49355611C8ABF310035E531 /* Debug */,
				F49355621C8ABF310035E531 /* Release */,
			);
			defaultConfigurationIsVisible = 0;
			defaultConfigurationName = Release;
		};
		F49355631C8ABF310035E531 /* Build configuration list for PBXNativeTarget "taskapp2" */ = {
			isa = XCConfigurationList;
			buildConfigurations = (
				F49355641C8ABF310035E531 /* Debug */,
				F49355651C8ABF310035E531 /* Release */,
			);
			defaultConfigurationIsVisible = 0;
			defaultConfigurationName = Release;
		};
/* End XCConfigurationList section */
	};
	rootObject = F49355491C8ABF300035E531 /* Project object */;
}
